
Microsoft Visual Studio Solution File, Format Version 12.00
# Visual Studio Version 16
VisualStudioVersion = 16.0.31112.23
MinimumVisualStudioVersion = 10.0.40219.1
Project("{FAE04EC0-301F-11D3-BF4B-00C04F79EFBC}") = "BusinessCase.App", "BusinessCase.App\BusinessCase.App.csproj", "{D6165675-E793-4AD4-B62A-243441CCA396}"
EndProject
Project("{FAE04EC0-301F-11D3-BF4B-00C04F79EFBC}") = "BusinessCase.Domain", "BusinessCase.Domain\BusinessCase.Domain.csproj", "{AEE48CA6-CB78-448F-9A8C-7D86C326C754}"
EndProject
Project("{FAE04EC0-301F-11D3-BF4B-00C04F79EFBC}") = "BusinessCase.Services", "BusinessCase.Services\BusinessCase.Services.csproj", "{95ADEA21-6CD4-4222-93F8-EE6E7F7A8F72}"
EndProject
Global
	GlobalSection(SolutionConfigurationPlatforms) = preSolution
		Debug|Any CPU = Debug|Any CPU
		Release|Any CPU = Release|Any CPU
	EndGlobalSection
	GlobalSection(ProjectConfigurationPlatforms) = postSolution
		{D6165675-E793-4AD4-B62A-243441CCA396}.Debug|Any CPU.ActiveCfg = Debug|Any CPU
		{D6165675-E793-4AD4-B62A-243441CCA396}.Debug|Any CPU.Build.0 = Debug|Any CPU
		{D6165675-E793-4AD4-B62A-243441CCA396}.Release|Any CPU.ActiveCfg = Release|Any CPU
		{D6165675-E793-4AD4-B62A-243441CCA396}.Release|Any CPU.Build.0 = Release|Any CPU
		{AEE48CA6-CB78-448F-9A8C-7D86C326C754}.Debug|Any CPU.ActiveCfg = Debug|Any CPU
		{AEE48CA6-CB78-448F-9A8C-7D86C326C754}.Debug|Any CPU.Build.0 = Debug|Any CPU
		{AEE48CA6-CB78-448F-9A8C-7D86C326C754}.Release|Any CPU.ActiveCfg = Release|Any CPU
		{AEE48CA6-CB78-448F-9A8C-7D86C326C754}.Release|Any CPU.Build.0 = Release|Any CPU
		{95ADEA21-6CD4-4222-93F8-EE6E7F7A8F72}.Debug|Any CPU.ActiveCfg = Debug|Any CPU
		{95ADEA21-6CD4-4222-93F8-EE6E7F7A8F72}.Debug|Any CPU.Build.0 = Debug|Any CPU
		{95ADEA21-6CD4-4222-93F8-EE6E7F7A8F72}.Release|Any CPU.ActiveCfg = Release|Any CPU
		{95ADEA21-6CD4-4222-93F8-EE6E7F7A8F72}.Release|Any CPU.Build.0 = Release|Any CPU
	EndGlobalSection
	GlobalSection(SolutionProperties) = preSolution
		HideSolutionNode = FALSE
	EndGlobalSection
	GlobalSection(ExtensibilityGlobals) = postSolution
		SolutionGuid = {F766E8FF-5A23-42C5-8F17-B01E131DD62E}
	EndGlobalSection
EndGlobal
