
Microsoft Visual Studio Solution File, Format Version 12.00
# Visual Studio Version 16
VisualStudioVersion = 16.0.31112.23
MinimumVisualStudioVersion = 10.0.40219.1
Project("{9A19103F-16F7-4668-BE54-9A1E7A4F7556}") = "App", "App\App.csproj", "{4CEFEF00-FDEC-426A-84ED-31253E3F0582}"
EndProject
Project("{9A19103F-16F7-4668-BE54-9A1E7A4F7556}") = "Models", "Models\Models.csproj", "{1D281B72-1175-4764-8E75-F07C398B4ADE}"
EndProject
Global
	GlobalSection(SolutionConfigurationPlatforms) = preSolution
		Debug|Any CPU = Debug|Any CPU
		Release|Any CPU = Release|Any CPU
	EndGlobalSection
	GlobalSection(ProjectConfigurationPlatforms) = postSolution
		{4CEFEF00-FDEC-426A-84ED-31253E3F0582}.Debug|Any CPU.ActiveCfg = Debug|Any CPU
		{4CEFEF00-FDEC-426A-84ED-31253E3F0582}.Debug|Any CPU.Build.0 = Debug|Any CPU
		{4CEFEF00-FDEC-426A-84ED-31253E3F0582}.Release|Any CPU.ActiveCfg = Release|Any CPU
		{4CEFEF00-FDEC-426A-84ED-31253E3F0582}.Release|Any CPU.Build.0 = Release|Any CPU
		{1D281B72-1175-4764-8E75-F07C398B4ADE}.Debug|Any CPU.ActiveCfg = Debug|Any CPU
		{1D281B72-1175-4764-8E75-F07C398B4ADE}.Debug|Any CPU.Build.0 = Debug|Any CPU
		{1D281B72-1175-4764-8E75-F07C398B4ADE}.Release|Any CPU.ActiveCfg = Release|Any CPU
		{1D281B72-1175-4764-8E75-F07C398B4ADE}.Release|Any CPU.Build.0 = Release|Any CPU
	EndGlobalSection
	GlobalSection(SolutionProperties) = preSolution
		HideSolutionNode = FALSE
	EndGlobalSection
	GlobalSection(ExtensibilityGlobals) = postSolution
		SolutionGuid = {8A87835F-9B12-4516-B420-EE673E57BA79}
	EndGlobalSection
EndGlobal
