
Microsoft Visual Studio Solution File, Format Version 12.00
# Visual Studio Version 16
VisualStudioVersion = 16.0.31112.23
MinimumVisualStudioVersion = 10.0.40219.1
Project("{9A19103F-16F7-4668-BE54-9A1E7A4F7556}") = "Exercise", "Exercise\Exercise.csproj", "{78048601-F26A-4B1D-9B07-325CE5B09E2A}"
EndProject
Project("{9A19103F-16F7-4668-BE54-9A1E7A4F7556}") = "Models", "Models\Models.csproj", "{03EF3203-B7A1-41BD-9F9C-7F7C7C394A4E}"
EndProject
Project("{FAE04EC0-301F-11D3-BF4B-00C04F79EFBC}") = "Task1", "Task1\Task1.csproj", "{A165D66F-92E3-488B-A73A-354E41858EAA}"
EndProject
Project("{FAE04EC0-301F-11D3-BF4B-00C04F79EFBC}") = "Task2", "Task2\Task2.csproj", "{D9E3F3B1-214C-4F2B-AEFA-AD12412D93E3}"
EndProject
Global
	GlobalSection(SolutionConfigurationPlatforms) = preSolution
		Debug|Any CPU = Debug|Any CPU
		Release|Any CPU = Release|Any CPU
	EndGlobalSection
	GlobalSection(ProjectConfigurationPlatforms) = postSolution
		{78048601-F26A-4B1D-9B07-325CE5B09E2A}.Debug|Any CPU.ActiveCfg = Debug|Any CPU
		{78048601-F26A-4B1D-9B07-325CE5B09E2A}.Debug|Any CPU.Build.0 = Debug|Any CPU
		{78048601-F26A-4B1D-9B07-325CE5B09E2A}.Release|Any CPU.ActiveCfg = Release|Any CPU
		{78048601-F26A-4B1D-9B07-325CE5B09E2A}.Release|Any CPU.Build.0 = Release|Any CPU
		{03EF3203-B7A1-41BD-9F9C-7F7C7C394A4E}.Debug|Any CPU.ActiveCfg = Debug|Any CPU
		{03EF3203-B7A1-41BD-9F9C-7F7C7C394A4E}.Debug|Any CPU.Build.0 = Debug|Any CPU
		{03EF3203-B7A1-41BD-9F9C-7F7C7C394A4E}.Release|Any CPU.ActiveCfg = Release|Any CPU
		{03EF3203-B7A1-41BD-9F9C-7F7C7C394A4E}.Release|Any CPU.Build.0 = Release|Any CPU
		{A165D66F-92E3-488B-A73A-354E41858EAA}.Debug|Any CPU.ActiveCfg = Debug|Any CPU
		{A165D66F-92E3-488B-A73A-354E41858EAA}.Debug|Any CPU.Build.0 = Debug|Any CPU
		{A165D66F-92E3-488B-A73A-354E41858EAA}.Release|Any CPU.ActiveCfg = Release|Any CPU
		{A165D66F-92E3-488B-A73A-354E41858EAA}.Release|Any CPU.Build.0 = Release|Any CPU
		{D9E3F3B1-214C-4F2B-AEFA-AD12412D93E3}.Debug|Any CPU.ActiveCfg = Debug|Any CPU
		{D9E3F3B1-214C-4F2B-AEFA-AD12412D93E3}.Debug|Any CPU.Build.0 = Debug|Any CPU
		{D9E3F3B1-214C-4F2B-AEFA-AD12412D93E3}.Release|Any CPU.ActiveCfg = Release|Any CPU
		{D9E3F3B1-214C-4F2B-AEFA-AD12412D93E3}.Release|Any CPU.Build.0 = Release|Any CPU
	EndGlobalSection
	GlobalSection(SolutionProperties) = preSolution
		HideSolutionNode = FALSE
	EndGlobalSection
	GlobalSection(ExtensibilityGlobals) = postSolution
		SolutionGuid = {CAFAE9E4-C360-4121-A361-FEEFDECD1F94}
	EndGlobalSection
EndGlobal
